
Microsoft Visual Studio Solution File, Format Version 12.00
# Visual Studio 14
VisualStudioVersion = 14.0.25420.1
MinimumVisualStudioVersion = 10.0.40219.1
Project("{2150E333-8FDC-42A3-9474-1A3956D46DE8}") = "src", "src", "{89896742-4F6A-4499-B266-752A979072EE}"
EndProject
Project("{2150E333-8FDC-42A3-9474-1A3956D46DE8}") = "Solution Items", "Solution Items", "{4A5F8D8C-67AB-47A8-BA19-3B6159F4458B}"
	ProjectSection(SolutionItems) = preProject
		global.json = global.json
	EndProjectSection
EndProject
Project("{8BB2217D-0F2D-49D1-97BC-3654ED321F3B}") = "SecondApplication", "src\SecondApplication\SecondApplication.xproj", "{0F185B3C-7F57-4AA6-852E-29C95BDBB7BB}"
EndProject
Global
	GlobalSection(SolutionConfigurationPlatforms) = preSolution
		Debug|Any CPU = Debug|Any CPU
		Release|Any CPU = Release|Any CPU
	EndGlobalSection
	GlobalSection(ProjectConfigurationPlatforms) = postSolution
		{0F185B3C-7F57-4AA6-852E-29C95BDBB7BB}.Debug|Any CPU.ActiveCfg = Debug|Any CPU
		{0F185B3C-7F57-4AA6-852E-29C95BDBB7BB}.Debug|Any CPU.Build.0 = Debug|Any CPU
		{0F185B3C-7F57-4AA6-852E-29C95BDBB7BB}.Release|Any CPU.ActiveCfg = Release|Any CPU
		{0F185B3C-7F57-4AA6-852E-29C95BDBB7BB}.Release|Any CPU.Build.0 = Release|Any CPU
	EndGlobalSection
	GlobalSection(SolutionProperties) = preSolution
		HideSolutionNode = FALSE
	EndGlobalSection
	GlobalSection(NestedProjects) = preSolution
		{0F185B3C-7F57-4AA6-852E-29C95BDBB7BB} = {89896742-4F6A-4499-B266-752A979072EE}
	EndGlobalSection
EndGlobal
